<?xml version="1.0" encoding="utf-8"?>
<Project ToolsVersion="4.0" xmlns="http://schemas.microsoft.com/developer/msbuild/2003">
  <ItemGroup>
    <Filter Include="Source Files">
      <UniqueIdentifier>{4FC737F1-C7A5-4376-A066-2A32D752A2FF}</UniqueIdentifier>
      <Extensions>cpp;c;cc;cxx;c++;cppm;ixx;def;odl;idl;hpj;bat;asm;asmx</Extensions>
    </Filter>
    <Filter Include="Header Files">
      <UniqueIdentifier>{93995380-89BD-4b04-88EB-625FBE52EBFB}</UniqueIdentifier>
      <Extensions>h;hh;hpp;hxx;h++;hm;inl;inc;ipp;xsd</Extensions>
    </Filter>
    <Filter Include="Resource Files">
      <UniqueIdentifier>{67DA6AB6-F800-4c08-8B7A-83BB121AAD01}</UniqueIdentifier>
      <Extensions>rc;ico;cur;bmp;dlg;rc2;rct;bin;rgs;gif;jpg;jpeg;jpe;resx;tiff;tif;png;wav;mfcribbon-ms</Extensions>
    </Filter>
    <Filter Include="Source Files\Shader Files">
      <UniqueIdentifier>{49f27b1c-9b39-440d-97b7-e681f7735a74}</UniqueIdentifier>
    </Filter>
  </ItemGroup>
  <ItemGroup>
    <None Include="basic.frag">
      <Filter>Source Files\Shader Files</Filter>
    </None>
    <None Include="basic.vert">
      <Filter>Source Files\Shader Files</Filter>
    </None>
    <None Include="packages.config" />
    <None Include="background.vert">
      <Filter>Source Files\Shader Files</Filter>
    </None>
    <None Include="background.frag">
      <Filter>Source Files\Shader Files</Filter>
    </None>
    <None Include="clock.vert">
      <Filter>Source Files\Shader Files</Filter>
    </None>
    <None Include="clock.frag">
      <Filter>Source Files\Shader Files</Filter>
    </None>
    <None Include="tree.vert">
      <Filter>Source Files\Shader Files</Filter>
    </None>
    <None Include="tree.frag">
      <Filter>Source Files\Shader Files</Filter>
    </None>
    <None Include="fireplace.vert">
      <Filter>Source Files\Shader Files</Filter>
    </None>
    <None Include="fireplace.frag">
      <Filter>Source Files\Shader Files</Filter>
    </None>
    <None Include="shelf.vert">
      <Filter>Source Files\Shader Files</Filter>
    </None>
    <None Include="shelf.frag">
      <Filter>Source Files\Shader Files</Filter>
    </None>
    <None Include="text.vert">
      <Filter>Source Files\Shader Files</Filter>
    </None>
    <None Include="text.frag">
      <Filter>Source Files\Shader Files</Filter>
    </None>
    <None Include="fire.vert">
      <Filter>Source Files\Shader Files</Filter>
    </None>
    <None Include="fire.frag">
      <Filter>Source Files\Shader Files</Filter>
    </None>
    <None Include="firelight.vert">
      <Filter>Source Files\Shader Files</Filter>
    </None>
    <None Include="firelight.frag">
      <Filter>Source Files\Shader Files</Filter>
    </None>
    <None Include="lamps.vert">
      <Filter>Source Files\Shader Files</Filter>
    </None>
    <None Include="lamps.frag">
      <Filter>Source Files\Shader Files</Filter>
    </None>
  </ItemGroup>
  <ItemGroup>
    <ClCompile Include="main.cpp">
      <Filter>Source Files</Filter>
    </ClCompile>
    <ClCompile Include="background.cpp">
      <Filter>Source Files</Filter>
    </ClCompile>
    <ClCompile Include="helpers.cpp">
      <Filter>Source Files</Filter>
    </ClCompile>
    <ClCompile Include="tree.cpp">
      <Filter>Source Files</Filter>
    </ClCompile>
    <ClCompile Include="fireplace.cpp">
      <Filter>Source Files</Filter>
    </ClCompile>
    <ClCompile Include="shelf.cpp">
      <Filter>Source Files</Filter>
    </ClCompile>
    <ClCompile Include="clock.cpp">
      <Filter>Source Files</Filter>
    </ClCompile>
    <ClCompile Include="textrenderer.cpp">
      <Filter>Source Files</Filter>
    </ClCompile>
    <ClCompile Include="fire.cpp">
      <Filter>Source Files</Filter>
    </ClCompile>
    <ClCompile Include="firelight.cpp">
      <Filter>Source Files</Filter>
    </ClCompile>
    <ClCompile Include="lamps.cpp">
      <Filter>Source Files</Filter>
    </ClCompile>
  </ItemGroup>
  <ItemGroup>
    <ClInclude Include="background.h">
      <Filter>Header Files</Filter>
    </ClInclude>
    <ClInclude Include="..\..\..\Users\anasa\Downloads\stb_image.h">
      <Filter>Header Files</Filter>
    </ClInclude>
    <ClInclude Include="helpers.h">
      <Filter>Header Files</Filter>
    </ClInclude>
    <ClInclude Include="tree.h">
      <Filter>Header Files</Filter>
    </ClInclude>
    <ClInclude Include="fireplace.h">
      <Filter>Header Files</Filter>
    </ClInclude>
    <ClInclude Include="shelf.h">
      <Filter>Header Files</Filter>
    </ClInclude>
    <ClInclude Include="clock.h">
      <Filter>Header Files</Filter>
    </ClInclude>
    <ClInclude Include="textrenderer.h">
      <Filter>Header Files</Filter>
    </ClInclude>
    <ClInclude Include="firelight.h">
      <Filter>Header Files</Filter>
    </ClInclude>
    <ClInclude Include="fire.h">
      <Filter>Header Files</Filter>
    </ClInclude>
    <ClInclude Include="lamps.h">
      <Filter>Header Files</Filter>
    </ClInclude>
  </ItemGroup>
  <ItemGroup>
    <Image Include="..\..\..\Users\anasa\OneDrive\Radna površina\room.jpg">
      <Filter>Resource Files</Filter>
    </Image>
    <Image Include="shelf.png">
      <Filter>Resource Files</Filter>
    </Image>
    <Image Include="tree.png">
      <Filter>Resource Files</Filter>
    </Image>
    <Image Include="fireplace.png">
      <Filter>Resource Files</Filter>
    </Image>
    <Image Include="clock.png">
      <Filter>Resource Files</Filter>
    </Image>
    <Image Include="fire.png">
      <Filter>Resource Files</Filter>
    </Image>
    <Image Include="fire1.png">
      <Filter>Resource Files</Filter>
    </Image>
    <Image Include="fire2.png">
      <Filter>Resource Files</Filter>
    </Image>
    <Image Include="fire3.png">
      <Filter>Resource Files</Filter>
    </Image>
    <Image Include="fire4.png">
      <Filter>Resource Files</Filter>
    </Image>
  </ItemGroup>
  <ItemGroup>
    <Font Include="CENTURY.TTF">
      <Filter>Resource Files</Filter>
    </Font>
    <Font Include="calibri.ttf">
      <Filter>Resource Files</Filter>
    </Font>
  </ItemGroup>
</Project>